{
  "name": "card-maker",
  "version": "0.0.0",
  "lockfileVersion": 1,
  "requires": true,
  "dependencies": {
    "app": {
      "version": "0.1.0",
      "resolved": "https://registry.npmjs.org/app/-/app-0.1.0.tgz",
      "integrity": "sha1-eT4S9R98zgkiwjFlJhVDeGp0f+o="
    },
    "electron": {
      "version": "5.0.6",
      "resolved": "https://registry.npmjs.org/electron/-/electron-5.0.6.tgz",
      "integrity": "sha512-0L53lv26eDhaaNxL6DqXGQrQOEAYbrQg40stRSb2pzrY06kwPbABzXEiaCvEsBuKUQ+9OQBbVyyvXRbLJlun/A=="
    },
    "util": {
      "version": "0.12.0",
      "resolved": "https://registry.npmjs.org/util/-/util-0.12.0.tgz",
      "integrity": "sha512-pPSOFl7VLhZ7LO/SFABPraZEEurkJUWSMn3MuA/r3WQZc+Z1fqou2JqLSOZbCLl73EUIxuUVX8X4jkX2vfJeAA=="
    }
  }
}
